
Microsoft Visual Studio Solution File, Format Version 12.00
# Visual Studio Version 17
VisualStudioVersion = 17.5.33414.496
MinimumVisualStudioVersion = 10.0.40219.1
Project("{54A90642-561A-4BB1-A94E-469ADEE60C69}") = "vueapp", "vueapp\vueapp.esproj", "{D8FFA0EC-CA91-401E-9FDB-2DB6ECA56DBC}"
EndProject
Project("{9A19103F-16F7-4668-BE54-9A1E7A4F7556}") = "webapi", "webapi\webapi.csproj", "{DF0F6D3C-63E9-4E31-A8D0-EE79305D4FB3}"
EndProject
Global
	GlobalSection(SolutionConfigurationPlatforms) = preSolution
		Debug|Any CPU = Debug|Any CPU
		Release|Any CPU = Release|Any CPU
	EndGlobalSection
	GlobalSection(ProjectConfigurationPlatforms) = postSolution
		{D8FFA0EC-CA91-401E-9FDB-2DB6ECA56DBC}.Debug|Any CPU.ActiveCfg = Debug|Any CPU
		{D8FFA0EC-CA91-401E-9FDB-2DB6ECA56DBC}.Debug|Any CPU.Build.0 = Debug|Any CPU
		{D8FFA0EC-CA91-401E-9FDB-2DB6ECA56DBC}.Debug|Any CPU.Deploy.0 = Debug|Any CPU
		{D8FFA0EC-CA91-401E-9FDB-2DB6ECA56DBC}.Release|Any CPU.ActiveCfg = Release|Any CPU
		{D8FFA0EC-CA91-401E-9FDB-2DB6ECA56DBC}.Release|Any CPU.Build.0 = Release|Any CPU
		{D8FFA0EC-CA91-401E-9FDB-2DB6ECA56DBC}.Release|Any CPU.Deploy.0 = Release|Any CPU
		{DF0F6D3C-63E9-4E31-A8D0-EE79305D4FB3}.Debug|Any CPU.ActiveCfg = Debug|Any CPU
		{DF0F6D3C-63E9-4E31-A8D0-EE79305D4FB3}.Debug|Any CPU.Build.0 = Debug|Any CPU
		{DF0F6D3C-63E9-4E31-A8D0-EE79305D4FB3}.Release|Any CPU.ActiveCfg = Release|Any CPU
		{DF0F6D3C-63E9-4E31-A8D0-EE79305D4FB3}.Release|Any CPU.Build.0 = Release|Any CPU
	EndGlobalSection
	GlobalSection(SolutionProperties) = preSolution
		HideSolutionNode = FALSE
	EndGlobalSection
	GlobalSection(ExtensibilityGlobals) = postSolution
		SolutionGuid = {827168BB-2AA6-4C7A-A166-39ADC5297F73}
	EndGlobalSection
EndGlobal
